
Microsoft Visual Studio Solution File, Format Version 12.00
# Visual Studio Version 17
VisualStudioVersion = 17.10.35004.147
MinimumVisualStudioVersion = 10.0.40219.1
Project("{FAE04EC0-301F-11D3-BF4B-00C04F79EFBC}") = "HelloWorkerService", "HelloWorkerService\HelloWorkerService.csproj", "{9B477C96-2A5D-42AB-A95A-E03ABDF82D2E}"
EndProject
Project("{FAE04EC0-301F-11D3-BF4B-00C04F79EFBC}") = "ETLWorkcerSevice", "ETLWorkcerSevice\ETLWorkcerSevice.csproj", "{40EDAF3F-3C02-437B-B355-9549C297F6C0}"
EndProject
Global
	GlobalSection(SolutionConfigurationPlatforms) = preSolution
		Debug|Any CPU = Debug|Any CPU
		Release|Any CPU = Release|Any CPU
	EndGlobalSection
	GlobalSection(ProjectConfigurationPlatforms) = postSolution
		{9B477C96-2A5D-42AB-A95A-E03ABDF82D2E}.Debug|Any CPU.ActiveCfg = Debug|Any CPU
		{9B477C96-2A5D-42AB-A95A-E03ABDF82D2E}.Debug|Any CPU.Build.0 = Debug|Any CPU
		{9B477C96-2A5D-42AB-A95A-E03ABDF82D2E}.Release|Any CPU.ActiveCfg = Release|Any CPU
		{9B477C96-2A5D-42AB-A95A-E03ABDF82D2E}.Release|Any CPU.Build.0 = Release|Any CPU
		{40EDAF3F-3C02-437B-B355-9549C297F6C0}.Debug|Any CPU.ActiveCfg = Debug|Any CPU
		{40EDAF3F-3C02-437B-B355-9549C297F6C0}.Debug|Any CPU.Build.0 = Debug|Any CPU
		{40EDAF3F-3C02-437B-B355-9549C297F6C0}.Release|Any CPU.ActiveCfg = Release|Any CPU
		{40EDAF3F-3C02-437B-B355-9549C297F6C0}.Release|Any CPU.Build.0 = Release|Any CPU
	EndGlobalSection
	GlobalSection(SolutionProperties) = preSolution
		HideSolutionNode = FALSE
	EndGlobalSection
	GlobalSection(ExtensibilityGlobals) = postSolution
		SolutionGuid = {A999CE3B-C758-4057-B11C-ABB73AC9E318}
	EndGlobalSection
EndGlobal
