
Microsoft Visual Studio Solution File, Format Version 12.00
# Visual Studio Version 17
VisualStudioVersion = 17.10.34928.147
MinimumVisualStudioVersion = 10.0.40219.1
Project("{FAE04EC0-301F-11D3-BF4B-00C04F79EFBC}") = "HelloWorkerService", "HelloWorkerService\HelloWorkerService.csproj", "{540D436C-24DA-4323-9EE5-594A7E22FE59}"
EndProject
Project("{FAE04EC0-301F-11D3-BF4B-00C04F79EFBC}") = "ETLWorkerService", "ETLWorkerService\ETLWorkerService.csproj", "{355C9252-7A8C-491B-92B8-6A66CF16E9C0}"
EndProject
Global
	GlobalSection(SolutionConfigurationPlatforms) = preSolution
		Debug|Any CPU = Debug|Any CPU
		Release|Any CPU = Release|Any CPU
	EndGlobalSection
	GlobalSection(ProjectConfigurationPlatforms) = postSolution
		{540D436C-24DA-4323-9EE5-594A7E22FE59}.Debug|Any CPU.ActiveCfg = Debug|Any CPU
		{540D436C-24DA-4323-9EE5-594A7E22FE59}.Debug|Any CPU.Build.0 = Debug|Any CPU
		{540D436C-24DA-4323-9EE5-594A7E22FE59}.Release|Any CPU.ActiveCfg = Release|Any CPU
		{540D436C-24DA-4323-9EE5-594A7E22FE59}.Release|Any CPU.Build.0 = Release|Any CPU
		{355C9252-7A8C-491B-92B8-6A66CF16E9C0}.Debug|Any CPU.ActiveCfg = Debug|Any CPU
		{355C9252-7A8C-491B-92B8-6A66CF16E9C0}.Debug|Any CPU.Build.0 = Debug|Any CPU
		{355C9252-7A8C-491B-92B8-6A66CF16E9C0}.Release|Any CPU.ActiveCfg = Release|Any CPU
		{355C9252-7A8C-491B-92B8-6A66CF16E9C0}.Release|Any CPU.Build.0 = Release|Any CPU
	EndGlobalSection
	GlobalSection(SolutionProperties) = preSolution
		HideSolutionNode = FALSE
	EndGlobalSection
	GlobalSection(ExtensibilityGlobals) = postSolution
		SolutionGuid = {2AE4FE85-EFD6-4786-8BAC-3158AF475E50}
	EndGlobalSection
EndGlobal
