
Microsoft Visual Studio Solution File, Format Version 12.00
# Visual Studio Version 17
VisualStudioVersion = 17.10.35004.147
MinimumVisualStudioVersion = 10.0.40219.1
Project("{FAE04EC0-301F-11D3-BF4B-00C04F79EFBC}") = "MyWorkerService", "MyWorkerService\MyWorkerService.csproj", "{9B984333-8E7C-4CC2-91F6-7A2AA4463733}"
EndProject
Global
	GlobalSection(SolutionConfigurationPlatforms) = preSolution
		Debug|Any CPU = Debug|Any CPU
		Release|Any CPU = Release|Any CPU
	EndGlobalSection
	GlobalSection(ProjectConfigurationPlatforms) = postSolution
		{9B984333-8E7C-4CC2-91F6-7A2AA4463733}.Debug|Any CPU.ActiveCfg = Debug|Any CPU
		{9B984333-8E7C-4CC2-91F6-7A2AA4463733}.Debug|Any CPU.Build.0 = Debug|Any CPU
		{9B984333-8E7C-4CC2-91F6-7A2AA4463733}.Release|Any CPU.ActiveCfg = Release|Any CPU
		{9B984333-8E7C-4CC2-91F6-7A2AA4463733}.Release|Any CPU.Build.0 = Release|Any CPU
	EndGlobalSection
	GlobalSection(SolutionProperties) = preSolution
		HideSolutionNode = FALSE
	EndGlobalSection
	GlobalSection(ExtensibilityGlobals) = postSolution
		SolutionGuid = {27E16E75-6E4B-4163-BAB6-15A5BCE54844}
	EndGlobalSection
EndGlobal
